
Microsoft Visual Studio Solution File, Format Version 12.00
# Visual Studio 15
VisualStudioVersion = 15.0.28010.2026
MinimumVisualStudioVersion = 10.0.40219.1
Project("{FAE04EC0-301F-11D3-BF4B-00C04F79EFBC}") = "SecondWCF", "SecondWCF\SecondWCF.csproj", "{5092BF74-B7DE-45CB-B775-2D69C3E9E451}"
EndProject
Project("{FAE04EC0-301F-11D3-BF4B-00C04F79EFBC}") = "SecondWCFClient", "SecondWCFClient\SecondWCFClient.csproj", "{580000D2-4665-4A4A-AB21-46419A97A413}"
	ProjectSection(ProjectDependencies) = postProject
		{5092BF74-B7DE-45CB-B775-2D69C3E9E451} = {5092BF74-B7DE-45CB-B775-2D69C3E9E451}
	EndProjectSection
EndProject
Global
	GlobalSection(SolutionConfigurationPlatforms) = preSolution
		Debug|Any CPU = Debug|Any CPU
		Release|Any CPU = Release|Any CPU
	EndGlobalSection
	GlobalSection(ProjectConfigurationPlatforms) = postSolution
		{5092BF74-B7DE-45CB-B775-2D69C3E9E451}.Debug|Any CPU.ActiveCfg = Debug|Any CPU
		{5092BF74-B7DE-45CB-B775-2D69C3E9E451}.Debug|Any CPU.Build.0 = Debug|Any CPU
		{5092BF74-B7DE-45CB-B775-2D69C3E9E451}.Release|Any CPU.ActiveCfg = Release|Any CPU
		{5092BF74-B7DE-45CB-B775-2D69C3E9E451}.Release|Any CPU.Build.0 = Release|Any CPU
		{580000D2-4665-4A4A-AB21-46419A97A413}.Debug|Any CPU.ActiveCfg = Debug|Any CPU
		{580000D2-4665-4A4A-AB21-46419A97A413}.Debug|Any CPU.Build.0 = Debug|Any CPU
		{580000D2-4665-4A4A-AB21-46419A97A413}.Release|Any CPU.ActiveCfg = Release|Any CPU
		{580000D2-4665-4A4A-AB21-46419A97A413}.Release|Any CPU.Build.0 = Release|Any CPU
	EndGlobalSection
	GlobalSection(SolutionProperties) = preSolution
		HideSolutionNode = FALSE
	EndGlobalSection
	GlobalSection(ExtensibilityGlobals) = postSolution
		SolutionGuid = {9153D21C-26A9-4DCF-8015-8E53268828AB}
	EndGlobalSection
EndGlobal
