
Microsoft Visual Studio Solution File, Format Version 12.00
# Visual Studio 15
VisualStudioVersion = 15.0.26730.15
MinimumVisualStudioVersion = 10.0.40219.1
Project("{FAE04EC0-301F-11D3-BF4B-00C04F79EFBC}") = "GMM", "GMM\GMM.csproj", "{CF39CC45-B034-4A20-9ACA-A7455CD16BEE}"
EndProject
Global
	GlobalSection(SolutionConfigurationPlatforms) = preSolution
		Debug|Any CPU = Debug|Any CPU
		Release|Any CPU = Release|Any CPU
	EndGlobalSection
	GlobalSection(ProjectConfigurationPlatforms) = postSolution
		{CF39CC45-B034-4A20-9ACA-A7455CD16BEE}.Debug|Any CPU.ActiveCfg = Debug|Any CPU
		{CF39CC45-B034-4A20-9ACA-A7455CD16BEE}.Debug|Any CPU.Build.0 = Debug|Any CPU
		{CF39CC45-B034-4A20-9ACA-A7455CD16BEE}.Release|Any CPU.ActiveCfg = Release|Any CPU
		{CF39CC45-B034-4A20-9ACA-A7455CD16BEE}.Release|Any CPU.Build.0 = Release|Any CPU
	EndGlobalSection
	GlobalSection(SolutionProperties) = preSolution
		HideSolutionNode = FALSE
	EndGlobalSection
	GlobalSection(ExtensibilityGlobals) = postSolution
		SolutionGuid = {9E7C94BD-1DD4-458B-AC6B-1BE5627D31AB}
	EndGlobalSection
EndGlobal
