
Microsoft Visual Studio Solution File, Format Version 12.00
# Visual Studio 15
VisualStudioVersion = 15.0.28010.2026
MinimumVisualStudioVersion = 10.0.40219.1
Project("{FAE04EC0-301F-11D3-BF4B-00C04F79EFBC}") = "ReaderWriterLock", "ReaderWriterLock\ReaderWriterLock.csproj", "{70160E44-0CE4-4B9A-9266-CD9F621E554C}"
EndProject
Global
	GlobalSection(SolutionConfigurationPlatforms) = preSolution
		Debug|Any CPU = Debug|Any CPU
		Release|Any CPU = Release|Any CPU
	EndGlobalSection
	GlobalSection(ProjectConfigurationPlatforms) = postSolution
		{70160E44-0CE4-4B9A-9266-CD9F621E554C}.Debug|Any CPU.ActiveCfg = Debug|Any CPU
		{70160E44-0CE4-4B9A-9266-CD9F621E554C}.Debug|Any CPU.Build.0 = Debug|Any CPU
		{70160E44-0CE4-4B9A-9266-CD9F621E554C}.Release|Any CPU.ActiveCfg = Release|Any CPU
		{70160E44-0CE4-4B9A-9266-CD9F621E554C}.Release|Any CPU.Build.0 = Release|Any CPU
	EndGlobalSection
	GlobalSection(SolutionProperties) = preSolution
		HideSolutionNode = FALSE
	EndGlobalSection
	GlobalSection(ExtensibilityGlobals) = postSolution
		SolutionGuid = {0C53BCC0-042C-47C4-B3DA-DB5304CFB767}
	EndGlobalSection
EndGlobal
