
Microsoft Visual Studio Solution File, Format Version 12.00
# Visual Studio 15
VisualStudioVersion = 15.0.28010.2026
MinimumVisualStudioVersion = 10.0.40219.1
Project("{FAE04EC0-301F-11D3-BF4B-00C04F79EFBC}") = "MatrixMultiply", "MatrixMultiply\MatrixMultiply.csproj", "{A90D5CD3-7972-4E37-B858-FA5598964108}"
EndProject
Global
	GlobalSection(SolutionConfigurationPlatforms) = preSolution
		Debug|Any CPU = Debug|Any CPU
		Release|Any CPU = Release|Any CPU
	EndGlobalSection
	GlobalSection(ProjectConfigurationPlatforms) = postSolution
		{A90D5CD3-7972-4E37-B858-FA5598964108}.Debug|Any CPU.ActiveCfg = Debug|Any CPU
		{A90D5CD3-7972-4E37-B858-FA5598964108}.Debug|Any CPU.Build.0 = Debug|Any CPU
		{A90D5CD3-7972-4E37-B858-FA5598964108}.Release|Any CPU.ActiveCfg = Release|Any CPU
		{A90D5CD3-7972-4E37-B858-FA5598964108}.Release|Any CPU.Build.0 = Release|Any CPU
	EndGlobalSection
	GlobalSection(SolutionProperties) = preSolution
		HideSolutionNode = FALSE
	EndGlobalSection
	GlobalSection(ExtensibilityGlobals) = postSolution
		SolutionGuid = {9FE07F21-DD4A-4CA6-B84C-F3D1770366ED}
	EndGlobalSection
EndGlobal
