
Microsoft Visual Studio Solution File, Format Version 12.00
# Visual Studio 15
VisualStudioVersion = 15.0.28010.2026
MinimumVisualStudioVersion = 10.0.40219.1
Project("{FAE04EC0-301F-11D3-BF4B-00C04F79EFBC}") = "ProducerConsumer", "ProducerConsumer\ProducerConsumer.csproj", "{7B4E076D-69BE-4324-ABFE-2AE3A3E2D754}"
EndProject
Global
	GlobalSection(SolutionConfigurationPlatforms) = preSolution
		Debug|Any CPU = Debug|Any CPU
		Release|Any CPU = Release|Any CPU
	EndGlobalSection
	GlobalSection(ProjectConfigurationPlatforms) = postSolution
		{7B4E076D-69BE-4324-ABFE-2AE3A3E2D754}.Debug|Any CPU.ActiveCfg = Debug|Any CPU
		{7B4E076D-69BE-4324-ABFE-2AE3A3E2D754}.Debug|Any CPU.Build.0 = Debug|Any CPU
		{7B4E076D-69BE-4324-ABFE-2AE3A3E2D754}.Release|Any CPU.ActiveCfg = Release|Any CPU
		{7B4E076D-69BE-4324-ABFE-2AE3A3E2D754}.Release|Any CPU.Build.0 = Release|Any CPU
	EndGlobalSection
	GlobalSection(SolutionProperties) = preSolution
		HideSolutionNode = FALSE
	EndGlobalSection
	GlobalSection(ExtensibilityGlobals) = postSolution
		SolutionGuid = {F7BDE0CD-A25E-44E5-A0D8-CC32E7253122}
	EndGlobalSection
EndGlobal
