
Microsoft Visual Studio Solution File, Format Version 12.00
# Visual Studio 15
VisualStudioVersion = 15.0.28010.2026
MinimumVisualStudioVersion = 10.0.40219.1
Project("{FAE04EC0-301F-11D3-BF4B-00C04F79EFBC}") = "ThreadPooling", "ThreadPooling\ThreadPooling.csproj", "{EEF360E4-9776-426B-9827-1A066ADC93E2}"
EndProject
Global
	GlobalSection(SolutionConfigurationPlatforms) = preSolution
		Debug|Any CPU = Debug|Any CPU
		Release|Any CPU = Release|Any CPU
	EndGlobalSection
	GlobalSection(ProjectConfigurationPlatforms) = postSolution
		{EEF360E4-9776-426B-9827-1A066ADC93E2}.Debug|Any CPU.ActiveCfg = Debug|Any CPU
		{EEF360E4-9776-426B-9827-1A066ADC93E2}.Debug|Any CPU.Build.0 = Debug|Any CPU
		{EEF360E4-9776-426B-9827-1A066ADC93E2}.Release|Any CPU.ActiveCfg = Release|Any CPU
		{EEF360E4-9776-426B-9827-1A066ADC93E2}.Release|Any CPU.Build.0 = Release|Any CPU
	EndGlobalSection
	GlobalSection(SolutionProperties) = preSolution
		HideSolutionNode = FALSE
	EndGlobalSection
	GlobalSection(ExtensibilityGlobals) = postSolution
		SolutionGuid = {0B1F9F70-DC20-43DB-BA36-D56D26BAA178}
	EndGlobalSection
EndGlobal
